# Linux/amd64 dependency snapshot from the locally built Python 3.12 image.
# Opt-in tracing dependencies recovered from the verified V4 Langfuse backend.
backoff==2.2.1
googleapis-common-protos==1.75.3
langfuse==4.8.1
opentelemetry-exporter-otlp-proto-common==1.44.0
opentelemetry-exporter-otlp-proto-http==1.44.0
opentelemetry-proto==1.44.0
opentelemetry-sdk==1.44.0
opentelemetry-semantic-conventions==0.65b0
protobuf==7.36.2
wrapt==2.4.1
aiofile==3.12.3
caio==0.12.4
fastmcp-slim==4.0.3
griffelib==2.3.0
mcp-types==2.2.0
aiohappyeyeballs==2.7.1
aiohttp==3.14.3
aiosignal==1.4.0
annotated-doc==0.0.5
annotated-types==0.8.0
anyio==4.15.1
attrs==26.1.0
Authlib==1.8.0
beartype==0.22.9
burner-redis==0.1.7
cachetools==7.1.8
certifi==2026.7.22
cffi==2.1.1
charset-normalizer==3.5.1
circuitbreaker==2.1.3
click==8.5.0
cloudpickle==3.1.2
crc32c==2.8
cronsim==2.7
cryptography==50.0.1
cyclopts==4.25.2
diskcache==5.6.3
distro==1.9.0
dnspython==2.8.0
docstring_parser==0.18.0
email-validator==2.3.0
exceptiongroup==1.3.1
fakeredis==2.34.1
fastapi==0.141.1
fastmcp==4.0.3
frozenlist==1.8.0
h11==0.16.0
httpcore==1.0.9
httpcore2==2.13.0
httptools==0.8.0
httpx==0.28.1
httpx-sse==0.4.3
httpx2==2.13.0
idna==3.19
jaraco.classes==3.4.0
jaraco.context==6.1.2
jaraco.functools==4.6.0
jeepney==0.9.0
joserfc==1.7.5
jsonpatch==1.33
jsonpointer==3.1.1
jsonref==1.1.0
jsonschema==4.26.0
jsonschema-path==0.5.0
jsonschema-specifications==2025.9.1
keyring==25.7.0
langchain-core==1.6.3
langchain-protocol==0.0.19
langgraph==1.2.11
langgraph-checkpoint==4.2.0
langgraph-prebuilt==1.1.0
langgraph-sdk==0.4.4
langsmith==0.12.5
lupa==2.8
markdown-it-py==4.2.0
mcp==2.2.0
mdurl==0.1.2
more-itertools==11.1.0
multidict==6.8.0
oci==2.186.0
openapi-pydantic==0.5.1
opentelemetry-api==1.44.0
oracledb==26.0.0
orjson==3.12.0
ormsgpack==1.12.2
packaging==26.3
pathable==0.6.0
pathvalidate==3.3.1
platformdirs==4.11.8
prometheus_client==0.26.0
propcache==0.5.4
py-key-value-aio==0.4.5
py-key-value-shared==0.3.0
pycparser==3.0
pydantic==2.13.5
pydantic-settings==2.15.0
pydantic_core==2.46.5
pydocket==0.25.2
Pygments==2.21.0
PyJWT==2.14.0
pyOpenSSL==26.4.0
pypdf==6.19.0
pyperclip==1.11.0
python-dateutil==2.9.0.post0
python-dotenv==1.2.3
python-json-logger==4.2.0
python-multipart==0.0.32
pytz==2026.3.post1
PyYAML==6.0.3
redis==8.1.0
referencing==0.37.0
requests==2.34.2
requests-toolbelt==1.0.0
rich==15.0.0
rich-rst==2.1.0
rpds-py==2026.6.3
SecretStorage==3.5.0
shellingham==1.5.4
six==1.17.0
sniffio==1.3.1
sortedcontainers==2.4.0
sse-starlette==3.4.11
starlette==1.6.0
tenacity==9.1.4
truststore==0.10.4
typer==0.27.2
typing-inspection==0.4.4
typing_extensions==4.16.0
uncalled-for==0.4.0
urllib3==2.8.0
uuid_utils==0.17.1
uvicorn==0.53.0
uvloop==0.22.1
watchfiles==1.2.0
websockets==16.1.1
xxhash==4.0.1
yarl==1.25.1
zstandard==0.25.0
